
Microsoft Visual Studio Solution File, Format Version 12.00
# Visual Studio 15
VisualStudioVersion = 15.0.28307.102
MinimumVisualStudioVersion = 10.0.40219.1
Project("{FAE04EC0-301F-11D3-BF4B-00C04F79EFBC}") = "HeartRateSensor", "Sensor\HeartRateSensor.csproj", "{B2F43A87-37F3-40F4-835C-2614C336C428}"
EndProject
Project("{9A19103F-16F7-4668-BE54-9A1E7A4F7556}") = "Services", "..\..\cortex-diary-hotfixes\src\main\Port.Adapter\IO\Process\Services\Services.csproj", "{6D5EAA4A-5A4A-4E39-B296-35FEFAE3E5EC}"
EndProject
Project("{2150E333-8FDC-42A3-9474-1A3956D46DE8}") = "Port.Adapter", "Port.Adapter", "{DAD9A2E5-828A-48B7-83E7-3D748A487279}"
EndProject
Project("{2150E333-8FDC-42A3-9474-1A3956D46DE8}") = "IO", "IO", "{C67D7F37-5350-4D0E-89AF-63BD4C478040}"
EndProject
Project("{2150E333-8FDC-42A3-9474-1A3956D46DE8}") = "Process", "Process", "{FE862CB8-1053-471B-A2CF-5A546B23B735}"
EndProject
Project("{9A19103F-16F7-4668-BE54-9A1E7A4F7556}") = "Domain.Model", "..\..\cortex-diary-hotfixes\src\main\Domain.Model\Domain.Model.csproj", "{522F29C5-02F2-45FF-B757-CC962023B6BF}"
EndProject
Project("{9A19103F-16F7-4668-BE54-9A1E7A4F7556}") = "Application", "..\..\cortex-diary-hotfixes\src\main\Application\Application.csproj", "{28520406-22EF-4A44-B375-03E881FA8BDF}"
EndProject
Project("{2150E333-8FDC-42A3-9474-1A3956D46DE8}") = "Components", "Components", "{A019BC81-A632-4D9F-BBE8-6F4F64412C57}"
EndProject
Project("{FAE04EC0-301F-11D3-BF4B-00C04F79EFBC}") = "HeartRateAnalyzer", "Analyzer\HeartRateAnalyzer.csproj", "{0FA42379-8365-4C63-B376-78BDB5E90848}"
EndProject
Project("{2150E333-8FDC-42A3-9474-1A3956D46DE8}") = "Cortex.Diary", "Cortex.Diary", "{AE8E76DC-EC4B-4C4D-8E7F-3E7F2E543D7D}"
EndProject
Project("{2150E333-8FDC-42A3-9474-1A3956D46DE8}") = "Cortex.Graph", "Cortex.Graph", "{E78FC419-E569-4392-A671-DEDBD2D0E5FF}"
EndProject
Project("{9A19103F-16F7-4668-BE54-9A1E7A4F7556}") = "Standard", "..\..\cortex-graph\src\main\Port.Adapter\IO\Process\Events\Standard\Standard.csproj", "{04EDB1E2-45A6-4971-9A69-1CF9B97029E8}"
EndProject
Project("{2150E333-8FDC-42A3-9474-1A3956D46DE8}") = "Port.Adapter", "Port.Adapter", "{7F356F54-B539-4C95-A0AE-2D9AB6171F55}"
EndProject
Project("{2150E333-8FDC-42A3-9474-1A3956D46DE8}") = "IO", "IO", "{E6F552C2-298E-4E74-A39C-72F06423B0A6}"
EndProject
Project("{2150E333-8FDC-42A3-9474-1A3956D46DE8}") = "Process", "Process", "{66AC92AB-E3DB-4A25-AAC7-97640FEBDAB5}"
EndProject
Project("{2150E333-8FDC-42A3-9474-1A3956D46DE8}") = "Events", "Events", "{B10CD7FD-4B2B-40F8-985F-1933A9BBFA30}"
EndProject
Project("{2150E333-8FDC-42A3-9474-1A3956D46DE8}") = "Standard", "Standard", "{7070A838-7AF4-4279-BFFA-BDD88775330B}"
EndProject
Project("{9A19103F-16F7-4668-BE54-9A1E7A4F7556}") = "Events", "..\..\cortex-graph\src\main\Port.Adapter\IO\Process\Events\Events.csproj", "{24FF442D-705A-4667-A952-7DCBC5159F33}"
EndProject
Project("{9A19103F-16F7-4668-BE54-9A1E7A4F7556}") = "Domain.Model", "..\..\cortex-graph\src\main\Domain.Model\Domain.Model.csproj", "{AA5C42B6-45E6-45DB-98D3-1F96E7AB68B5}"
EndProject
Project("{FAE04EC0-301F-11D3-BF4B-00C04F79EFBC}") = "Reactor", "Reactor\Reactor.csproj", "{335A08F7-52F6-48B2-A452-539D9C24000D}"
EndProject
Global
	GlobalSection(SolutionConfigurationPlatforms) = preSolution
		Debug|Any CPU = Debug|Any CPU
		Release|Any CPU = Release|Any CPU
	EndGlobalSection
	GlobalSection(ProjectConfigurationPlatforms) = postSolution
		{B2F43A87-37F3-40F4-835C-2614C336C428}.Debug|Any CPU.ActiveCfg = Debug|Any CPU
		{B2F43A87-37F3-40F4-835C-2614C336C428}.Debug|Any CPU.Build.0 = Debug|Any CPU
		{B2F43A87-37F3-40F4-835C-2614C336C428}.Release|Any CPU.ActiveCfg = Release|Any CPU
		{B2F43A87-37F3-40F4-835C-2614C336C428}.Release|Any CPU.Build.0 = Release|Any CPU
		{6D5EAA4A-5A4A-4E39-B296-35FEFAE3E5EC}.Debug|Any CPU.ActiveCfg = Debug|Any CPU
		{6D5EAA4A-5A4A-4E39-B296-35FEFAE3E5EC}.Debug|Any CPU.Build.0 = Debug|Any CPU
		{6D5EAA4A-5A4A-4E39-B296-35FEFAE3E5EC}.Release|Any CPU.ActiveCfg = Release|Any CPU
		{6D5EAA4A-5A4A-4E39-B296-35FEFAE3E5EC}.Release|Any CPU.Build.0 = Release|Any CPU
		{522F29C5-02F2-45FF-B757-CC962023B6BF}.Debug|Any CPU.ActiveCfg = Debug|Any CPU
		{522F29C5-02F2-45FF-B757-CC962023B6BF}.Debug|Any CPU.Build.0 = Debug|Any CPU
		{522F29C5-02F2-45FF-B757-CC962023B6BF}.Release|Any CPU.ActiveCfg = Release|Any CPU
		{522F29C5-02F2-45FF-B757-CC962023B6BF}.Release|Any CPU.Build.0 = Release|Any CPU
		{28520406-22EF-4A44-B375-03E881FA8BDF}.Debug|Any CPU.ActiveCfg = Debug|Any CPU
		{28520406-22EF-4A44-B375-03E881FA8BDF}.Debug|Any CPU.Build.0 = Debug|Any CPU
		{28520406-22EF-4A44-B375-03E881FA8BDF}.Release|Any CPU.ActiveCfg = Release|Any CPU
		{28520406-22EF-4A44-B375-03E881FA8BDF}.Release|Any CPU.Build.0 = Release|Any CPU
		{0FA42379-8365-4C63-B376-78BDB5E90848}.Debug|Any CPU.ActiveCfg = Debug|Any CPU
		{0FA42379-8365-4C63-B376-78BDB5E90848}.Debug|Any CPU.Build.0 = Debug|Any CPU
		{0FA42379-8365-4C63-B376-78BDB5E90848}.Release|Any CPU.ActiveCfg = Release|Any CPU
		{0FA42379-8365-4C63-B376-78BDB5E90848}.Release|Any CPU.Build.0 = Release|Any CPU
		{04EDB1E2-45A6-4971-9A69-1CF9B97029E8}.Debug|Any CPU.ActiveCfg = Debug|Any CPU
		{04EDB1E2-45A6-4971-9A69-1CF9B97029E8}.Debug|Any CPU.Build.0 = Debug|Any CPU
		{04EDB1E2-45A6-4971-9A69-1CF9B97029E8}.Release|Any CPU.ActiveCfg = Release|Any CPU
		{04EDB1E2-45A6-4971-9A69-1CF9B97029E8}.Release|Any CPU.Build.0 = Release|Any CPU
		{24FF442D-705A-4667-A952-7DCBC5159F33}.Debug|Any CPU.ActiveCfg = Debug|Any CPU
		{24FF442D-705A-4667-A952-7DCBC5159F33}.Debug|Any CPU.Build.0 = Debug|Any CPU
		{24FF442D-705A-4667-A952-7DCBC5159F33}.Release|Any CPU.ActiveCfg = Release|Any CPU
		{24FF442D-705A-4667-A952-7DCBC5159F33}.Release|Any CPU.Build.0 = Release|Any CPU
		{AA5C42B6-45E6-45DB-98D3-1F96E7AB68B5}.Debug|Any CPU.ActiveCfg = Debug|Any CPU
		{AA5C42B6-45E6-45DB-98D3-1F96E7AB68B5}.Debug|Any CPU.Build.0 = Debug|Any CPU
		{AA5C42B6-45E6-45DB-98D3-1F96E7AB68B5}.Release|Any CPU.ActiveCfg = Release|Any CPU
		{AA5C42B6-45E6-45DB-98D3-1F96E7AB68B5}.Release|Any CPU.Build.0 = Release|Any CPU
		{335A08F7-52F6-48B2-A452-539D9C24000D}.Debug|Any CPU.ActiveCfg = Debug|Any CPU
		{335A08F7-52F6-48B2-A452-539D9C24000D}.Debug|Any CPU.Build.0 = Debug|Any CPU
		{335A08F7-52F6-48B2-A452-539D9C24000D}.Release|Any CPU.ActiveCfg = Release|Any CPU
		{335A08F7-52F6-48B2-A452-539D9C24000D}.Release|Any CPU.Build.0 = Release|Any CPU
	EndGlobalSection
	GlobalSection(SolutionProperties) = preSolution
		HideSolutionNode = FALSE
	EndGlobalSection
	GlobalSection(NestedProjects) = preSolution
		{B2F43A87-37F3-40F4-835C-2614C336C428} = {A019BC81-A632-4D9F-BBE8-6F4F64412C57}
		{6D5EAA4A-5A4A-4E39-B296-35FEFAE3E5EC} = {FE862CB8-1053-471B-A2CF-5A546B23B735}
		{DAD9A2E5-828A-48B7-83E7-3D748A487279} = {AE8E76DC-EC4B-4C4D-8E7F-3E7F2E543D7D}
		{C67D7F37-5350-4D0E-89AF-63BD4C478040} = {DAD9A2E5-828A-48B7-83E7-3D748A487279}
		{FE862CB8-1053-471B-A2CF-5A546B23B735} = {C67D7F37-5350-4D0E-89AF-63BD4C478040}
		{522F29C5-02F2-45FF-B757-CC962023B6BF} = {AE8E76DC-EC4B-4C4D-8E7F-3E7F2E543D7D}
		{28520406-22EF-4A44-B375-03E881FA8BDF} = {AE8E76DC-EC4B-4C4D-8E7F-3E7F2E543D7D}
		{0FA42379-8365-4C63-B376-78BDB5E90848} = {A019BC81-A632-4D9F-BBE8-6F4F64412C57}
		{04EDB1E2-45A6-4971-9A69-1CF9B97029E8} = {7070A838-7AF4-4279-BFFA-BDD88775330B}
		{7F356F54-B539-4C95-A0AE-2D9AB6171F55} = {E78FC419-E569-4392-A671-DEDBD2D0E5FF}
		{E6F552C2-298E-4E74-A39C-72F06423B0A6} = {7F356F54-B539-4C95-A0AE-2D9AB6171F55}
		{66AC92AB-E3DB-4A25-AAC7-97640FEBDAB5} = {E6F552C2-298E-4E74-A39C-72F06423B0A6}
		{B10CD7FD-4B2B-40F8-985F-1933A9BBFA30} = {66AC92AB-E3DB-4A25-AAC7-97640FEBDAB5}
		{7070A838-7AF4-4279-BFFA-BDD88775330B} = {B10CD7FD-4B2B-40F8-985F-1933A9BBFA30}
		{24FF442D-705A-4667-A952-7DCBC5159F33} = {B10CD7FD-4B2B-40F8-985F-1933A9BBFA30}
		{AA5C42B6-45E6-45DB-98D3-1F96E7AB68B5} = {E78FC419-E569-4392-A671-DEDBD2D0E5FF}
		{335A08F7-52F6-48B2-A452-539D9C24000D} = {A019BC81-A632-4D9F-BBE8-6F4F64412C57}
	EndGlobalSection
	GlobalSection(ExtensibilityGlobals) = postSolution
		SolutionGuid = {705F2D60-D513-4B09-9BC7-5609BBAC1840}
	EndGlobalSection
EndGlobal
